// !$*UTF8*$!
{
	archiveVersion = 1;
	classes = {
	};
	objectVersion = 46;
	objects = {

/* Begin PBXBuildFile section */
		BBC9D1091D48940500691628 /* main.m in Sources */ = {isa = PBXBuildFile; fileRef = BBC9D1081D48940500691628 /* main.m */; };
		BBC9D10C1D48940500691628 /* AppDelegate.m in Sources */ = {isa = PBXBuildFile; fileRef = BBC9D10B1D48940500691628 /* AppDelegate.m */; };
		BBC9D10F1D48940500691628 /* ViewController.m in Sources */ = {isa = PBXBuildFile; fileRef = BBC9D10E1D48940500691628 /* ViewController.m */; };
		BBC9D1121D48940500691628 /* Main.storyboard in Resources */ = {isa = PBXBuildFile; fileRef = BBC9D1101D48940500691628 /* Main.storyboard */; };
		BBC9D1141D48940500691628 /* Assets.xcassets in Resources */ = {isa = PBXBuildFile; fileRef = BBC9D1131D48940500691628 /* Assets.xcassets */; };
		BBC9D1171D48940500691628 /* LaunchScreen.storyboard in Resources */ = {isa = PBXBuildFile; fileRef = BBC9D1151D48940500691628 /* LaunchScreen.storyboard */; };
		BBC9D1241D4894C400691628 /* ttStatusBarToast.m in Sources */ = {isa = PBXBuildFile; fileRef = BBC9D1231D4894C400691628 /* ttStatusBarToast.m */; };
/* End PBXBuildFile section */

/* Begin PBXFileReference section */
		BBC9D1041D48940500691628 /* StatusBarToast.app */ = {isa = PBXFileReference; explicitFileType = wrapper.application; includeInIndex = 0; path = StatusBarToast.app; sourceTree = BUILT_PRODUCTS_DIR; };
		BBC9D1081D48940500691628 /* main.m */ = {isa = PBXFileReference; lastKnownFileType = sourcecode.c.objc; path = main.m; sourceTree = "<group>"; };
		BBC9D10A1D48940500691628 /* AppDelegate.h */ = {isa = PBXFileReference; lastKnownFileType = sourcecode.c.h; path = AppDelegate.h; sourceTree = "<group>"; };
		BBC9D10B1D48940500691628 /* AppDelegate.m */ = {isa = PBXFileReference; lastKnownFileType = sourcecode.c.objc; path = AppDelegate.m; sourceTree = "<group>"; };
		BBC9D10D1D48940500691628 /* ViewController.h */ = {isa = PBXFileReference; lastKnownFileType = sourcecode.c.h; path = ViewController.h; sourceTree = "<group>"; };
		BBC9D10E1D48940500691628 /* ViewController.m */ = {isa = PBXFileReference; lastKnownFileType = sourcecode.c.objc; path = ViewController.m; sourceTree = "<group>"; };
		BBC9D1111D48940500691628 /* Base */ = {isa = PBXFileReference; lastKnownFileType = file.storyboard; name = Base; path = Base.lproj/Main.storyboard; sourceTree = "<group>"; };
		BBC9D1131D48940500691628 /* Assets.xcassets */ = {isa = PBXFileReference; lastKnownFileType = folder.assetcatalog; path = Assets.xcassets; sourceTree = "<group>"; };
		BBC9D1161D48940500691628 /* Base */ = {isa = PBXFileReference; lastKnownFileType = file.storyboard; name = Base; path = Base.lproj/LaunchScreen.storyboard; sourceTree = "<group>"; };
		BBC9D1181D48940500691628 /* Info.plist */ = {isa = PBXFileReference; lastKnownFileType = text.plist.xml; path = Info.plist; sourceTree = "<group>"; };
		BBC9D1221D4894C400691628 /* ttStatusBarToast.h */ = {isa = PBXFileReference; fileEncoding = 4; lastKnownFileType = sourcecode.c.h; path = ttStatusBarToast.h; sourceTree = "<group>"; };
		BBC9D1231D4894C400691628 /* ttStatusBarToast.m */ = {isa = PBXFileReference; fileEncoding = 4; lastKnownFileType = sourcecode.c.objc; path = ttStatusBarToast.m; sourceTree = "<group>"; };
/* End PBXFileReference section */

/* Begin PBXFrameworksBuildPhase section */
		BBC9D1011D48940500691628 /* Frameworks */ = {
			isa = PBXFrameworksBuildPhase;
			buildActionMask = 2147483647;
			files = (
			);
			runOnlyForDeploymentPostprocessing = 0;
		};
/* End PBXFrameworksBuildPhase section */

/* Begin PBXGroup section */
		BBC9D0FB1D48940500691628 = {
			isa = PBXGroup;
			children = (
				BBC9D1061D48940500691628 /* StatusBarToast */,
				BBC9D1051D48940500691628 /* Products */,
			);
			sourceTree = "<group>";
		};
		BBC9D1051D48940500691628 /* Products */ = {
			isa = PBXGroup;
			children = (
				BBC9D1041D48940500691628 /* StatusBarToast.app */,
			);
			name = Products;
			sourceTree = "<group>";
		};
		BBC9D1061D48940500691628 /* StatusBarToast */ = {
			isa = PBXGroup;
			children = (
				BBC9D1211D4894C400691628 /* StatusBarToast */,
				BBC9D10A1D48940500691628 /* AppDelegate.h */,
				BBC9D10B1D48940500691628 /* AppDelegate.m */,
				BBC9D10D1D48940500691628 /* ViewController.h */,
				BBC9D10E1D48940500691628 /* ViewController.m */,
				BBC9D1101D48940500691628 /* Main.storyboard */,
				BBC9D1131D48940500691628 /* Assets.xcassets */,
				BBC9D1151D48940500691628 /* LaunchScreen.storyboard */,
				BBC9D1181D48940500691628 /* Info.plist */,
				BBC9D1071D48940500691628 /* Supporting Files */,
			);
			path = StatusBarToast;
			sourceTree = "<group>";
		};
		BBC9D1071D48940500691628 /* Supporting Files */ = {
			isa = PBXGroup;
			children = (
				BBC9D1081D48940500691628 /* main.m */,
			);
			name = "Supporting Files";
			sourceTree = "<group>";
		};
		BBC9D1211D4894C400691628 /* StatusBarToast */ = {
			isa = PBXGroup;
			children = (
				BBC9D1221D4894C400691628 /* ttStatusBarToast.h */,
				BBC9D1231D4894C400691628 /* ttStatusBarToast.m */,
			);
			path = StatusBarToast;
			sourceTree = "<group>";
		};
/* End PBXGroup section */

/* Begin PBXNativeTarget section */
		BBC9D1031D48940500691628 /* StatusBarToast */ = {
			isa = PBXNativeTarget;
			buildConfigurationList = BBC9D11B1D48940500691628 /* Build configuration list for PBXNativeTarget "StatusBarToast" */;
			buildPhases = (
				BBC9D1001D48940500691628 /* Sources */,
				BBC9D1011D48940500691628 /* Frameworks */,
				BBC9D1021D48940500691628 /* Resources */,
			);
			buildRules = (
			);
			dependencies = (
			);
			name = StatusBarToast;
			productName = StatusBarToast;
			productReference = BBC9D1041D48940500691628 /* StatusBarToast.app */;
			productType = "com.apple.product-type.application";
		};
/* End PBXNativeTarget section */

/* Begin PBXProject section */
		BBC9D0FC1D48940500691628 /* Project object */ = {
			isa = PBXProject;
			attributes = {
				CLASSPREFIX = tt;
				LastUpgradeCheck = 0730;
				ORGANIZATIONNAME = wata;
				TargetAttributes = {
					BBC9D1031D48940500691628 = {
						CreatedOnToolsVersion = 7.3.1;
						DevelopmentTeam = V788WRP8WH;
					};
				};
			};
			buildConfigurationList = BBC9D0FF1D48940500691628 /* Build configuration list for PBXProject "StatusBarToast" */;
			compatibilityVersion = "Xcode 3.2";
			developmentRegion = English;
			hasScannedForEncodings = 0;
			knownRegions = (
				en,
				Base,
			);
			mainGroup = BBC9D0FB1D48940500691628;
			productRefGroup = BBC9D1051D48940500691628 /* Products */;
			projectDirPath = "";
			projectRoot = "";
			targets = (
				BBC9D1031D48940500691628 /* StatusBarToast */,
			);
		};
/* End PBXProject section */

/* Begin PBXResourcesBuildPhase section */
		BBC9D1021D48940500691628 /* Resources */ = {
			isa = PBXResourcesBuildPhase;
			buildActionMask = 2147483647;
			files = (
				BBC9D1171D48940500691628 /* LaunchScreen.storyboard in Resources */,
				BBC9D1141D48940500691628 /* Assets.xcassets in Resources */,
				BBC9D1121D48940500691628 /* Main.storyboard in Resources */,
			);
			runOnlyForDeploymentPostprocessing = 0;
		};
/* End PBXResourcesBuildPhase section */

/* Begin PBXSourcesBuildPhase section */
		BBC9D1001D48940500691628 /* Sources */ = {
			isa = PBXSourcesBuildPhase;
			buildActionMask = 2147483647;
			files = (
				BBC9D10F1D48940500691628 /* ViewController.m in Sources */,
				BBC9D1241D4894C400691628 /* ttStatusBarToast.m in Sources */,
				BBC9D10C1D48940500691628 /* AppDelegate.m in Sources */,
				BBC9D1091D48940500691628 /* main.m in Sources */,
			);
			runOnlyForDeploymentPostprocessing = 0;
		};
/* End PBXSourcesBuildPhase section */

/* Begin PBXVariantGroup section */
		BBC9D1101D48940500691628 /* Main.storyboard */ = {
			isa = PBXVariantGroup;
			children = (
				BBC9D1111D48940500691628 /* Base */,
			);
			name = Main.storyboard;
			sourceTree = "<group>";
		};
		BBC9D1151D48940500691628 /* LaunchScreen.storyboard */ = {
			isa = PBXVariantGroup;
			children = (
				BBC9D1161D48940500691628 /* Base */,
			);
			name = LaunchScreen.storyboard;
			sourceTree = "<group>";
		};
/* End PBXVariantGroup section */

/* Begin XCBuildConfiguration section */
		BBC9D1191D48940500691628 /* Debug */ = {
			isa = XCBuildConfiguration;
			buildSettings = {
				ALWAYS_SEARCH_USER_PATHS = NO;
				CLANG_ANALYZER_NONNULL = YES;
				CLANG_CXX_LANGUAGE_STANDARD = "gnu++0x";
				CLANG_CXX_LIBRARY = "libc++";
				CLANG_ENABLE_MODULES = YES;
				CLANG_ENABLE_OBJC_ARC = YES;
				CLANG_WARN_BOOL_CONVERSION = YES;
				CLANG_WARN_CONSTANT_CONVERSION = YES;
				CLANG_WARN_DIRECT_OBJC_ISA_USAGE = YES_ERROR;
				CLANG_WARN_EMPTY_BODY = YES;
				CLANG_WARN_ENUM_CONVERSION = YES;
				CLANG_WARN_INT_CONVERSION = YES;
				CLANG_WARN_OBJC_ROOT_CLASS = YES_ERROR;
				CLANG_WARN_UNREACHABLE_CODE = YES;
				CLANG_WARN__DUPLICATE_METHOD_MATCH = YES;
				"CODE_SIGN_IDENTITY[sdk=iphoneos*]" = "iPhone Developer";
				COPY_PHASE_STRIP = NO;
				DEBUG_INFORMATION_FORMAT = dwarf;
				ENABLE_STRICT_OBJC_MSGSEND = YES;
				ENABLE_TESTABILITY = YES;
				GCC_C_LANGUAGE_STANDARD = gnu99;
				GCC_DYNAMIC_NO_PIC = NO;
				GCC_NO_COMMON_BLOCKS = YES;
				GCC_OPTIMIZATION_LEVEL = 0;
				GCC_PREPROCESSOR_DEFINITIONS = (
					"DEBUG=1",
					"$(inherited)",
				);
				GCC_WARN_64_TO_32_BIT_CONVERSION = YES;
				GCC_WARN_ABOUT_RETURN_TYPE = YES_ERROR;
				GCC_WARN_UNDECLARED_SELECTOR = YES;
				GCC_WARN_UNINITIALIZED_AUTOS = YES_AGGRESSIVE;
				GCC_WARN_UNUSED_FUNCTION = YES;
				GCC_WARN_UNUSED_VARIABLE = YES;
				IPHONEOS_DEPLOYMENT_TARGET = 9.3;
				MTL_ENABLE_DEBUG_INFO = YES;
				ONLY_ACTIVE_ARCH = YES;
				SDKROOT = iphoneos;
			};
			name = Debug;
		};
		BBC9D11A1D48940500691628 /* Release */ = {
			isa = XCBuildConfiguration;
			buildSettings = {
				ALWAYS_SEARCH_USER_PATHS = NO;
				CLANG_ANALYZER_NONNULL = YES;
				CLANG_CXX_LANGUAGE_STANDARD = "gnu++0x";
				CLANG_CXX_LIBRARY = "libc++";
				CLANG_ENABLE_MODULES = YES;
				CLANG_ENABLE_OBJC_ARC = YES;
				CLANG_WARN_BOOL_CONVERSION = YES;
				CLANG_WARN_CONSTANT_CONVERSION = YES;
				CLANG_WARN_DIRECT_OBJC_ISA_USAGE = YES_ERROR;
				CLANG_WARN_EMPTY_BODY = YES;
				CLANG_WARN_ENUM_CONVERSION = YES;
				CLANG_WARN_INT_CONVERSION = YES;
				CLANG_WARN_OBJC_ROOT_CLASS = YES_ERROR;
				CLANG_WARN_UNREACHABLE_CODE = YES;
				CLANG_WARN__DUPLICATE_METHOD_MATCH = YES;
				"CODE_SIGN_IDENTITY[sdk=iphoneos*]" = "iPhone Developer";
				COPY_PHASE_STRIP = NO;
				DEBUG_INFORMATION_FORMAT = "dwarf-with-dsym";
				ENABLE_NS_ASSERTIONS = NO;
				ENABLE_STRICT_OBJC_MSGSEND = YES;
				GCC_C_LANGUAGE_STANDARD = gnu99;
				GCC_NO_COMMON_BLOCKS = YES;
				GCC_WARN_64_TO_32_BIT_CONVERSION = YES;
				GCC_WARN_ABOUT_RETURN_TYPE = YES_ERROR;
				GCC_WARN_UNDECLARED_SELECTOR = YES;
				GCC_WARN_UNINITIALIZED_AUTOS = YES_AGGRESSIVE;
				GCC_WARN_UNUSED_FUNCTION = YES;
				GCC_WARN_UNUSED_VARIABLE = YES;
				IPHONEOS_DEPLOYMENT_TARGET = 9.3;
				MTL_ENABLE_DEBUG_INFO = NO;
				SDKROOT = iphoneos;
				VALIDATE_PRODUCT = YES;
			};
			name = Release;
		};
		BBC9D11C1D48940500691628 /* Debug */ = {
			isa = XCBuildConfiguration;
			buildSettings = {
				ASSETCATALOG_COMPILER_APPICON_NAME = AppIcon;
				INFOPLIST_FILE = StatusBarToast/Info.plist;
				LD_RUNPATH_SEARCH_PATHS = "$(inherited) @executable_path/Frameworks";
				PRODUCT_BUNDLE_IDENTIFIER = com.wata.StatusBarToast;
				PRODUCT_NAME = "$(TARGET_NAME)";
			};
			name = Debug;
		};
		BBC9D11D1D48940500691628 /* Release */ = {
			isa = XCBuildConfiguration;
			buildSettings = {
				ASSETCATALOG_COMPILER_APPICON_NAME = AppIcon;
				INFOPLIST_FILE = StatusBarToast/Info.plist;
				LD_RUNPATH_SEARCH_PATHS = "$(inherited) @executable_path/Frameworks";
				PRODUCT_BUNDLE_IDENTIFIER = com.wata.StatusBarToast;
				PRODUCT_NAME = "$(TARGET_NAME)";
			};
			name = Release;
		};
/* End XCBuildConfiguration section */

/* Begin XCConfigurationList section */
		BBC9D0FF1D48940500691628 /* Build configuration list for PBXProject "StatusBarToast" */ = {
			isa = XCConfigurationList;
			buildConfigurations = (
				BBC9D1191D48940500691628 /* Debug */,
				BBC9D11A1D48940500691628 /* Release */,
			);
			defaultConfigurationIsVisible = 0;
			defaultConfigurationName = Release;
		};
		BBC9D11B1D48940500691628 /* Build configuration list for PBXNativeTarget "StatusBarToast" */ = {
			isa = XCConfigurationList;
			buildConfigurations = (
				BBC9D11C1D48940500691628 /* Debug */,
				BBC9D11D1D48940500691628 /* Release */,
			);
			defaultConfigurationIsVisible = 0;
		};
/* End XCConfigurationList section */
	};
	rootObject = BBC9D0FC1D48940500691628 /* Project object */;
}
